
Microsoft Visual Studio Solution File, Format Version 12.00
# Visual Studio 2013
VisualStudioVersion = 12.0.40629.0
MinimumVisualStudioVersion = 10.0.40219.1
Project("{FAE04EC0-301F-11D3-BF4B-00C04F79EFBC}") = "ImportDataTool", "ImportDataTool\ImportDataTool.csproj", "{12C71417-B17B-47E6-967B-3B602C600A91}"
EndProject
Project("{FAE04EC0-301F-11D3-BF4B-00C04F79EFBC}") = "ImportGlycemicTool", "ImportGlycemic\ImportGlycemicTool.csproj", "{8D92AF9A-1929-436E-8E7A-57C7DF1AAE82}"
EndProject
Project("{FAE04EC0-301F-11D3-BF4B-00C04F79EFBC}") = "ImportStepTool", "ImportStepTool\ImportStepTool.csproj", "{D893FA52-A3C1-4E16-A590-1414833A3228}"
EndProject
Global
	GlobalSection(SolutionConfigurationPlatforms) = preSolution
		Debug|Any CPU = Debug|Any CPU
		Release|Any CPU = Release|Any CPU
	EndGlobalSection
	GlobalSection(ProjectConfigurationPlatforms) = postSolution
		{12C71417-B17B-47E6-967B-3B602C600A91}.Debug|Any CPU.ActiveCfg = Debug|Any CPU
		{12C71417-B17B-47E6-967B-3B602C600A91}.Debug|Any CPU.Build.0 = Debug|Any CPU
		{12C71417-B17B-47E6-967B-3B602C600A91}.Release|Any CPU.ActiveCfg = Release|Any CPU
		{12C71417-B17B-47E6-967B-3B602C600A91}.Release|Any CPU.Build.0 = Release|Any CPU
		{8D92AF9A-1929-436E-8E7A-57C7DF1AAE82}.Debug|Any CPU.ActiveCfg = Debug|Any CPU
		{8D92AF9A-1929-436E-8E7A-57C7DF1AAE82}.Debug|Any CPU.Build.0 = Debug|Any CPU
		{8D92AF9A-1929-436E-8E7A-57C7DF1AAE82}.Release|Any CPU.ActiveCfg = Release|Any CPU
		{8D92AF9A-1929-436E-8E7A-57C7DF1AAE82}.Release|Any CPU.Build.0 = Release|Any CPU
		{D893FA52-A3C1-4E16-A590-1414833A3228}.Debug|Any CPU.ActiveCfg = Debug|Any CPU
		{D893FA52-A3C1-4E16-A590-1414833A3228}.Debug|Any CPU.Build.0 = Debug|Any CPU
		{D893FA52-A3C1-4E16-A590-1414833A3228}.Release|Any CPU.ActiveCfg = Release|Any CPU
		{D893FA52-A3C1-4E16-A590-1414833A3228}.Release|Any CPU.Build.0 = Release|Any CPU
	EndGlobalSection
	GlobalSection(SolutionProperties) = preSolution
		HideSolutionNode = FALSE
	EndGlobalSection
EndGlobal
